// !$*UTF8*$!
{
	archiveVersion = 1;
	classes = {
	};
	objectVersion = 77;
	objects = {

/* Begin PBXContainerItemProxy section */
		AC88A0C42DFD1630008A1BF8 /* PBXContainerItemProxy */ = {
			isa = PBXContainerItemProxy;
			containerPortal = AC88A0AD2DFD162E008A1BF8 /* Project object */;
			proxyType = 1;
			remoteGlobalIDString = AC88A0B42DFD162E008A1BF8;
			remoteInfo = BetTracker;
		};
		AC88A0CE2DFD1630008A1BF8 /* PBXContainerItemProxy */ = {
			isa = PBXContainerItemProxy;
			containerPortal = AC88A0AD2DFD162E008A1BF8 /* Project object */;
			proxyType = 1;
			remoteGlobalIDString = AC88A0B42DFD162E008A1BF8;
			remoteInfo = BetTracker;
		};
/* End PBXContainerItemProxy section */

/* Begin PBXFileReference section */
		AC88A0B52DFD162E008A1BF8 /* BetTracker.app */ = {isa = PBXFileReference; explicitFileType = wrapper.application; includeInIndex = 0; path = BetTracker.app; sourceTree = BUILT_PRODUCTS_DIR; };
		AC88A0C32DFD1630008A1BF8 /* BetTrackerTests.xctest */ = {isa = PBXFileReference; explicitFileType = wrapper.cfbundle; includeInIndex = 0; path = BetTrackerTests.xctest; sourceTree = BUILT_PRODUCTS_DIR; };
		AC88A0CD2DFD1630008A1BF8 /* BetTrackerUITests.xctest */ = {isa = PBXFileReference; explicitFileType = wrapper.cfbundle; includeInIndex = 0; path = BetTrackerUITests.xctest; sourceTree = BUILT_PRODUCTS_DIR; };
/* End PBXFileReference section */

/* Begin PBXFileSystemSynchronizedBuildFileExceptionSet section */
		AC88A0E12DFD1AB7008A1BF8 /* Exceptions for "BetTracker" folder in "BetTracker" target */ = {
			isa = PBXFileSystemSynchronizedBuildFileExceptionSet;
			membershipExceptions = (
				Info.plist,
			);
			target = AC88A0B42DFD162E008A1BF8 /* BetTracker */;
		};
/* End PBXFileSystemSynchronizedBuildFileExceptionSet section */

/* Begin PBXFileSystemSynchronizedRootGroup section */
		AC88A0B72DFD162E008A1BF8 /* BetTracker */ = {
			isa = PBXFileSystemSynchronizedRootGroup;
			exceptions = (
				AC88A0E12DFD1AB7008A1BF8 /* Exceptions for "BetTracker" folder in "BetTracker" target */,
			);
			path = BetTracker;
			sourceTree = "<group>";
		};
		AC88A0C62DFD1630008A1BF8 /* BetTrackerTests */ = {
			isa = PBXFileSystemSynchronizedRootGroup;
			path = BetTrackerTests;
			sourceTree = "<group>";
		};
		AC88A0D02DFD1630008A1BF8 /* BetTrackerUITests */ = {
			isa = PBXFileSystemSynchronizedRootGroup;
			path = BetTrackerUITests;
			sourceTree = "<group>";
		};
/* End PBXFileSystemSynchronizedRootGroup section */

/* Begin PBXFrameworksBuildPhase section */
		AC88A0B22DFD162E008A1BF8 /* Frameworks */ = {
			isa = PBXFrameworksBuildPhase;
			buildActionMask = 2147483647;
			files = (
			);
			runOnlyForDeploymentPostprocessing = 0;
		};
		AC88A0C02DFD1630008A1BF8 /* Frameworks */ = {
			isa = PBXFrameworksBuildPhase;
			buildActionMask = 2147483647;
			files = (
			);
			runOnlyForDeploymentPostprocessing = 0;
		};
		AC88A0CA2DFD1630008A1BF8 /* Frameworks */ = {
			isa = PBXFrameworksBuildPhase;
			buildActionMask = 2147483647;
			files = (
			);
			runOnlyForDeploymentPostprocessing = 0;
		};
/* End PBXFrameworksBuildPhase section */

/* Begin PBXGroup section */
		AC88A0AC2DFD162E008A1BF8 = {
			isa = PBXGroup;
			children = (
				AC88A0B72DFD162E008A1BF8 /* BetTracker */,
				AC88A0C62DFD1630008A1BF8 /* BetTrackerTests */,
				AC88A0D02DFD1630008A1BF8 /* BetTrackerUITests */,
				AC88A0B62DFD162E008A1BF8 /* Products */,
			);
			sourceTree = "<group>";
		};
		AC88A0B62DFD162E008A1BF8 /* Products */ = {
			isa = PBXGroup;
			children = (
				AC88A0B52DFD162E008A1BF8 /* BetTracker.app */,
				AC88A0C32DFD1630008A1BF8 /* BetTrackerTests.xctest */,
				AC88A0CD2DFD1630008A1BF8 /* BetTrackerUITests.xctest */,
			);
			name = Products;
			sourceTree = "<group>";
		};
/* End PBXGroup section */

/* Begin PBXNativeTarget section */
		AC88A0B42DFD162E008A1BF8 /* BetTracker */ = {
			isa = PBXNativeTarget;
			buildConfigurationList = AC88A0D72DFD1630008A1BF8 /* Build configuration list for PBXNativeTarget "BetTracker" */;
			buildPhases = (
				AC88A0B12DFD162E008A1BF8 /* Sources */,
				AC88A0B22DFD162E008A1BF8 /* Frameworks */,
				AC88A0B32DFD162E008A1BF8 /* Resources */,
			);
			buildRules = (
			);
			dependencies = (
			);
			fileSystemSynchronizedGroups = (
				AC88A0B72DFD162E008A1BF8 /* BetTracker */,
			);
			name = BetTracker;
			packageProductDependencies = (
			);
			productName = BetTracker;
			productReference = AC88A0B52DFD162E008A1BF8 /* BetTracker.app */;
			productType = "com.apple.product-type.application";
		};
		AC88A0C22DFD1630008A1BF8 /* BetTrackerTests */ = {
			isa = PBXNativeTarget;
			buildConfigurationList = AC88A0DA2DFD1630008A1BF8 /* Build configuration list for PBXNativeTarget "BetTrackerTests" */;
			buildPhases = (
				AC88A0BF2DFD1630008A1BF8 /* Sources */,
				AC88A0C02DFD1630008A1BF8 /* Frameworks */,
				AC88A0C12DFD1630008A1BF8 /* Resources */,
			);
			buildRules = (
			);
			dependencies = (
				AC88A0C52DFD1630008A1BF8 /* PBXTargetDependency */,
			);
			fileSystemSynchronizedGroups = (
				AC88A0C62DFD1630008A1BF8 /* BetTrackerTests */,
			);
			name = BetTrackerTests;
			packageProductDependencies = (
			);
			productName = BetTrackerTests;
			productReference = AC88A0C32DFD1630008A1BF8 /* BetTrackerTests.xctest */;
			productType = "com.apple.product-type.bundle.unit-test";
		};
		AC88A0CC2DFD1630008A1BF8 /* BetTrackerUITests */ = {
			isa = PBXNativeTarget;
			buildConfigurationList = AC88A0DD2DFD1630008A1BF8 /* Build configuration list for PBXNativeTarget "BetTrackerUITests" */;
			buildPhases = (
				AC88A0C92DFD1630008A1BF8 /* Sources */,
				AC88A0CA2DFD1630008A1BF8 /* Frameworks */,
				AC88A0CB2DFD1630008A1BF8 /* Resources */,
			);
			buildRules = (
			);
			dependencies = (
				AC88A0CF2DFD1630008A1BF8 /* PBXTargetDependency */,
			);
			fileSystemSynchronizedGroups = (
				AC88A0D02DFD1630008A1BF8 /* BetTrackerUITests */,
			);
			name = BetTrackerUITests;
			packageProductDependencies = (
			);
			productName = BetTrackerUITests;
			productReference = AC88A0CD2DFD1630008A1BF8 /* BetTrackerUITests.xctest */;
			productType = "com.apple.product-type.bundle.ui-testing";
		};
/* End PBXNativeTarget section */

/* Begin PBXProject section */
		AC88A0AD2DFD162E008A1BF8 /* Project object */ = {
			isa = PBXProject;
			attributes = {
				BuildIndependentTargetsInParallel = 1;
				LastSwiftUpdateCheck = 1640;
				LastUpgradeCheck = 1640;
				TargetAttributes = {
					AC88A0B42DFD162E008A1BF8 = {
						CreatedOnToolsVersion = 16.4;
					};
					AC88A0C22DFD1630008A1BF8 = {
						CreatedOnToolsVersion = 16.4;
						TestTargetID = AC88A0B42DFD162E008A1BF8;
					};
					AC88A0CC2DFD1630008A1BF8 = {
						CreatedOnToolsVersion = 16.4;
						TestTargetID = AC88A0B42DFD162E008A1BF8;
					};
				};
			};
			buildConfigurationList = AC88A0B02DFD162E008A1BF8 /* Build configuration list for PBXProject "BetTracker" */;
			developmentRegion = en;
			hasScannedForEncodings = 0;
			knownRegions = (
				en,
				Base,
			);
			mainGroup = AC88A0AC2DFD162E008A1BF8;
			minimizedProjectReferenceProxies = 1;
			preferredProjectObjectVersion = 77;
			productRefGroup = AC88A0B62DFD162E008A1BF8 /* Products */;
			projectDirPath = "";
			projectRoot = "";
			targets = (
				AC88A0B42DFD162E008A1BF8 /* BetTracker */,
				AC88A0C22DFD1630008A1BF8 /* BetTrackerTests */,
				AC88A0CC2DFD1630008A1BF8 /* BetTrackerUITests */,
			);
		};
/* End PBXProject section */

/* Begin PBXResourcesBuildPhase section */
		AC88A0B32DFD162E008A1BF8 /* Resources */ = {
			isa = PBXResourcesBuildPhase;
			buildActionMask = 2147483647;
			files = (
			);
			runOnlyForDeploymentPostprocessing = 0;
		};
		AC88A0C12DFD1630008A1BF8 /* Resources */ = {
			isa = PBXResourcesBuildPhase;
			buildActionMask = 2147483647;
			files = (
			);
			runOnlyForDeploymentPostprocessing = 0;
		};
		AC88A0CB2DFD1630008A1BF8 /* Resources */ = {
			isa = PBXResourcesBuildPhase;
			buildActionMask = 2147483647;
			files = (
			);
			runOnlyForDeploymentPostprocessing = 0;
		};
/* End PBXResourcesBuildPhase section */

/* Begin PBXSourcesBuildPhase section */
		AC88A0B12DFD162E008A1BF8 /* Sources */ = {
			isa = PBXSourcesBuildPhase;
			buildActionMask = 2147483647;
			files = (
			);
			runOnlyForDeploymentPostprocessing = 0;
		};
		AC88A0BF2DFD1630008A1BF8 /* Sources */ = {
			isa = PBXSourcesBuildPhase;
			buildActionMask = 2147483647;
			files = (
			);
			runOnlyForDeploymentPostprocessing = 0;
		};
		AC88A0C92DFD1630008A1BF8 /* Sources */ = {
			isa = PBXSourcesBuildPhase;
			buildActionMask = 2147483647;
			files = (
			);
			runOnlyForDeploymentPostprocessing = 0;
		};
/* End PBXSourcesBuildPhase section */

/* Begin PBXTargetDependency section */
		AC88A0C52DFD1630008A1BF8 /* PBXTargetDependency */ = {
			isa = PBXTargetDependency;
			target = AC88A0B42DFD162E008A1BF8 /* BetTracker */;
			targetProxy = AC88A0C42DFD1630008A1BF8 /* PBXContainerItemProxy */;
		};
		AC88A0CF2DFD1630008A1BF8 /* PBXTargetDependency */ = {
			isa = PBXTargetDependency;
			target = AC88A0B42DFD162E008A1BF8 /* BetTracker */;
			targetProxy = AC88A0CE2DFD1630008A1BF8 /* PBXContainerItemProxy */;
		};
/* End PBXTargetDependency section */

/* Begin XCBuildConfiguration section */
		AC88A0D52DFD1630008A1BF8 /* Debug */ = {
			isa = XCBuildConfiguration;
			buildSettings = {
				ALWAYS_SEARCH_USER_PATHS = NO;
				ASSETCATALOG_COMPILER_GENERATE_SWIFT_ASSET_SYMBOL_EXTENSIONS = YES;
				CLANG_ANALYZER_NONNULL = YES;
				CLANG_ANALYZER_NUMBER_OBJECT_CONVERSION = YES_AGGRESSIVE;
				CLANG_CXX_LANGUAGE_STANDARD = "gnu++20";
				CLANG_ENABLE_MODULES = YES;
				CLANG_ENABLE_OBJC_ARC = YES;
				CLANG_ENABLE_OBJC_WEAK = YES;
				CLANG_WARN_BLOCK_CAPTURE_AUTORELEASING = YES;
				CLANG_WARN_BOOL_CONVERSION = YES;
				CLANG_WARN_COMMA = YES;
				CLANG_WARN_CONSTANT_CONVERSION = YES;
				CLANG_WARN_DEPRECATED_OBJC_IMPLEMENTATIONS = YES;
				CLANG_WARN_DIRECT_OBJC_ISA_USAGE = YES_ERROR;
				CLANG_WARN_DOCUMENTATION_COMMENTS = YES;
				CLANG_WARN_EMPTY_BODY = YES;
				CLANG_WARN_ENUM_CONVERSION = YES;
				CLANG_WARN_INFINITE_RECURSION = YES;
				CLANG_WARN_INT_CONVERSION = YES;
				CLANG_WARN_NON_LITERAL_NULL_CONVERSION = YES;
				CLANG_WARN_OBJC_IMPLICIT_RETAIN_SELF = YES;
				CLANG_WARN_OBJC_LITERAL_CONVERSION = YES;
				CLANG_WARN_OBJC_ROOT_CLASS = YES_ERROR;
				CLANG_WARN_QUOTED_INCLUDE_IN_FRAMEWORK_HEADER = YES;
				CLANG_WARN_RANGE_LOOP_ANALYSIS = YES;
				CLANG_WARN_STRICT_PROTOTYPES = YES;
				CLANG_WARN_SUSPICIOUS_MOVE = YES;
				CLANG_WARN_UNGUARDED_AVAILABILITY = YES_AGGRESSIVE;
				CLANG_WARN_UNREACHABLE_CODE = YES;
				CLANG_WARN__DUPLICATE_METHOD_MATCH = YES;
				COPY_PHASE_STRIP = NO;
				DEBUG_INFORMATION_FORMAT = dwarf;
				DEVELOPMENT_TEAM = 8K4668WLVU;
				ENABLE_STRICT_OBJC_MSGSEND = YES;
				ENABLE_TESTABILITY = YES;
				ENABLE_USER_SCRIPT_SANDBOXING = YES;
				GCC_C_LANGUAGE_STANDARD = gnu17;
				GCC_DYNAMIC_NO_PIC = NO;
				GCC_NO_COMMON_BLOCKS = YES;
				GCC_OPTIMIZATION_LEVEL = 0;
				GCC_PREPROCESSOR_DEFINITIONS = (
					"DEBUG=1",
					"$(inherited)",
				);
				GCC_WARN_64_TO_32_BIT_CONVERSION = YES;
				GCC_WARN_ABOUT_RETURN_TYPE = YES_ERROR;
				GCC_WARN_UNDECLARED_SELECTOR = YES;
				GCC_WARN_UNINITIALIZED_AUTOS = YES_AGGRESSIVE;
				GCC_WARN_UNUSED_FUNCTION = YES;
				GCC_WARN_UNUSED_VARIABLE = YES;
				LOCALIZATION_PREFERS_STRING_CATALOGS = YES;
				MACOSX_DEPLOYMENT_TARGET = 15.3;
				MTL_ENABLE_DEBUG_INFO = INCLUDE_SOURCE;
				MTL_FAST_MATH = YES;
				ONLY_ACTIVE_ARCH = YES;
				SDKROOT = macosx;
				SWIFT_ACTIVE_COMPILATION_CONDITIONS = "DEBUG $(inherited)";
				SWIFT_OPTIMIZATION_LEVEL = "-Onone";
			};
			name = Debug;
		};
		AC88A0D62DFD1630008A1BF8 /* Release */ = {
			isa = XCBuildConfiguration;
			buildSettings = {
				ALWAYS_SEARCH_USER_PATHS = NO;
				ASSETCATALOG_COMPILER_GENERATE_SWIFT_ASSET_SYMBOL_EXTENSIONS = YES;
				CLANG_ANALYZER_NONNULL = YES;
				CLANG_ANALYZER_NUMBER_OBJECT_CONVERSION = YES_AGGRESSIVE;
				CLANG_CXX_LANGUAGE_STANDARD = "gnu++20";
				CLANG_ENABLE_MODULES = YES;
				CLANG_ENABLE_OBJC_ARC = YES;
				CLANG_ENABLE_OBJC_WEAK = YES;
				CLANG_WARN_BLOCK_CAPTURE_AUTORELEASING = YES;
				CLANG_WARN_BOOL_CONVERSION = YES;
				CLANG_WARN_COMMA = YES;
				CLANG_WARN_CONSTANT_CONVERSION = YES;
				CLANG_WARN_DEPRECATED_OBJC_IMPLEMENTATIONS = YES;
				CLANG_WARN_DIRECT_OBJC_ISA_USAGE = YES_ERROR;
				CLANG_WARN_DOCUMENTATION_COMMENTS = YES;
				CLANG_WARN_EMPTY_BODY = YES;
				CLANG_WARN_ENUM_CONVERSION = YES;
				CLANG_WARN_INFINITE_RECURSION = YES;
				CLANG_WARN_INT_CONVERSION = YES;
				CLANG_WARN_NON_LITERAL_NULL_CONVERSION = YES;
				CLANG_WARN_OBJC_IMPLICIT_RETAIN_SELF = YES;
				CLANG_WARN_OBJC_LITERAL_CONVERSION = YES;
				CLANG_WARN_OBJC_ROOT_CLASS = YES_ERROR;
				CLANG_WARN_QUOTED_INCLUDE_IN_FRAMEWORK_HEADER = YES;
				CLANG_WARN_RANGE_LOOP_ANALYSIS = YES;
				CLANG_WARN_STRICT_PROTOTYPES = YES;
				CLANG_WARN_SUSPICIOUS_MOVE = YES;
				CLANG_WARN_UNGUARDED_AVAILABILITY = YES_AGGRESSIVE;
				CLANG_WARN_UNREACHABLE_CODE = YES;
				CLANG_WARN__DUPLICATE_METHOD_MATCH = YES;
				COPY_PHASE_STRIP = NO;
				DEBUG_INFORMATION_FORMAT = "dwarf-with-dsym";
				DEVELOPMENT_TEAM = 8K4668WLVU;
				ENABLE_NS_ASSERTIONS = NO;
				ENABLE_STRICT_OBJC_MSGSEND = YES;
				ENABLE_USER_SCRIPT_SANDBOXING = YES;
				GCC_C_LANGUAGE_STANDARD = gnu17;
				GCC_NO_COMMON_BLOCKS = YES;
				GCC_WARN_64_TO_32_BIT_CONVERSION = YES;
				GCC_WARN_ABOUT_RETURN_TYPE = YES_ERROR;
				GCC_WARN_UNDECLARED_SELECTOR = YES;
				GCC_WARN_UNINITIALIZED_AUTOS = YES_AGGRESSIVE;
				GCC_WARN_UNUSED_FUNCTION = YES;
				GCC_WARN_UNUSED_VARIABLE = YES;
				LOCALIZATION_PREFERS_STRING_CATALOGS = YES;
				MACOSX_DEPLOYMENT_TARGET = 15.3;
				MTL_ENABLE_DEBUG_INFO = NO;
				MTL_FAST_MATH = YES;
				SDKROOT = macosx;
				SWIFT_COMPILATION_MODE = wholemodule;
			};
			name = Release;
		};
		AC88A0D82DFD1630008A1BF8 /* Debug */ = {
			isa = XCBuildConfiguration;
			buildSettings = {
				ASSETCATALOG_COMPILER_APPICON_NAME = AppIcon;
				ASSETCATALOG_COMPILER_GLOBAL_ACCENT_COLOR_NAME = AccentColor;
				CODE_SIGN_ENTITLEMENTS = BetTracker/BetTracker.entitlements;
				CODE_SIGN_STYLE = Automatic;
				COMBINE_HIDPI_IMAGES = YES;
				CURRENT_PROJECT_VERSION = 1;
				DEVELOPMENT_TEAM = 8K4668WLVU;
				ENABLE_HARDENED_RUNTIME = YES;
				ENABLE_PREVIEWS = YES;
				GENERATE_INFOPLIST_FILE = YES;
				INFOPLIST_FILE = BetTracker/Info.plist;
				INFOPLIST_KEY_NSHumanReadableCopyright = "";
				LD_RUNPATH_SEARCH_PATHS = (
					"$(inherited)",
					"@executable_path/../Frameworks",
				);
				MARKETING_VERSION = 1.0;
				PRODUCT_BUNDLE_IDENTIFIER = com.hyphyness.BetTracker;
				PRODUCT_NAME = "$(TARGET_NAME)";
				REGISTER_APP_GROUPS = YES;
				SWIFT_EMIT_LOC_STRINGS = YES;
				SWIFT_VERSION = 5.0;
			};
			name = Debug;
		};
		AC88A0D92DFD1630008A1BF8 /* Release */ = {
			isa = XCBuildConfiguration;
			buildSettings = {
				ASSETCATALOG_COMPILER_APPICON_NAME = AppIcon;
				ASSETCATALOG_COMPILER_GLOBAL_ACCENT_COLOR_NAME = AccentColor;
				CODE_SIGN_ENTITLEMENTS = BetTracker/BetTracker.entitlements;
				CODE_SIGN_STYLE = Automatic;
				COMBINE_HIDPI_IMAGES = YES;
				CURRENT_PROJECT_VERSION = 1;
				DEVELOPMENT_TEAM = 8K4668WLVU;
				ENABLE_HARDENED_RUNTIME = YES;
				ENABLE_PREVIEWS = YES;
				GENERATE_INFOPLIST_FILE = YES;
				INFOPLIST_FILE = BetTracker/Info.plist;
				INFOPLIST_KEY_NSHumanReadableCopyright = "";
				LD_RUNPATH_SEARCH_PATHS = (
					"$(inherited)",
					"@executable_path/../Frameworks",
				);
				MARKETING_VERSION = 1.0;
				PRODUCT_BUNDLE_IDENTIFIER = com.hyphyness.BetTracker;
				PRODUCT_NAME = "$(TARGET_NAME)";
				REGISTER_APP_GROUPS = YES;
				SWIFT_EMIT_LOC_STRINGS = YES;
				SWIFT_VERSION = 5.0;
			};
			name = Release;
		};
		AC88A0DB2DFD1630008A1BF8 /* Debug */ = {
			isa = XCBuildConfiguration;
			buildSettings = {
				BUNDLE_LOADER = "$(TEST_HOST)";
				CODE_SIGN_STYLE = Automatic;
				CURRENT_PROJECT_VERSION = 1;
				DEVELOPMENT_TEAM = 8K4668WLVU;
				GENERATE_INFOPLIST_FILE = YES;
				MACOSX_DEPLOYMENT_TARGET = 15.3;
				MARKETING_VERSION = 1.0;
				PRODUCT_BUNDLE_IDENTIFIER = com.hyphyness.BetTrackerTests;
				PRODUCT_NAME = "$(TARGET_NAME)";
				SWIFT_EMIT_LOC_STRINGS = NO;
				SWIFT_VERSION = 5.0;
				TEST_HOST = "$(BUILT_PRODUCTS_DIR)/BetTracker.app/$(BUNDLE_EXECUTABLE_FOLDER_PATH)/BetTracker";
			};
			name = Debug;
		};
		AC88A0DC2DFD1630008A1BF8 /* Release */ = {
			isa = XCBuildConfiguration;
			buildSettings = {
				BUNDLE_LOADER = "$(TEST_HOST)";
				CODE_SIGN_STYLE = Automatic;
				CURRENT_PROJECT_VERSION = 1;
				DEVELOPMENT_TEAM = 8K4668WLVU;
				GENERATE_INFOPLIST_FILE = YES;
				MACOSX_DEPLOYMENT_TARGET = 15.3;
				MARKETING_VERSION = 1.0;
				PRODUCT_BUNDLE_IDENTIFIER = com.hyphyness.BetTrackerTests;
				PRODUCT_NAME = "$(TARGET_NAME)";
				SWIFT_EMIT_LOC_STRINGS = NO;
				SWIFT_VERSION = 5.0;
				TEST_HOST = "$(BUILT_PRODUCTS_DIR)/BetTracker.app/$(BUNDLE_EXECUTABLE_FOLDER_PATH)/BetTracker";
			};
			name = Release;
		};
		AC88A0DE2DFD1630008A1BF8 /* Debug */ = {
			isa = XCBuildConfiguration;
			buildSettings = {
				CODE_SIGN_STYLE = Automatic;
				CURRENT_PROJECT_VERSION = 1;
				DEVELOPMENT_TEAM = 8K4668WLVU;
				GENERATE_INFOPLIST_FILE = YES;
				MARKETING_VERSION = 1.0;
				PRODUCT_BUNDLE_IDENTIFIER = com.hyphyness.BetTrackerUITests;
				PRODUCT_NAME = "$(TARGET_NAME)";
				SWIFT_EMIT_LOC_STRINGS = NO;
				SWIFT_VERSION = 5.0;
				TEST_TARGET_NAME = BetTracker;
			};
			name = Debug;
		};
		AC88A0DF2DFD1630008A1BF8 /* Release */ = {
			isa = XCBuildConfiguration;
			buildSettings = {
				CODE_SIGN_STYLE = Automatic;
				CURRENT_PROJECT_VERSION = 1;
				DEVELOPMENT_TEAM = 8K4668WLVU;
				GENERATE_INFOPLIST_FILE = YES;
				MARKETING_VERSION = 1.0;
				PRODUCT_BUNDLE_IDENTIFIER = com.hyphyness.BetTrackerUITests;
				PRODUCT_NAME = "$(TARGET_NAME)";
				SWIFT_EMIT_LOC_STRINGS = NO;
				SWIFT_VERSION = 5.0;
				TEST_TARGET_NAME = BetTracker;
			};
			name = Release;
		};
/* End XCBuildConfiguration section */

/* Begin XCConfigurationList section */
		AC88A0B02DFD162E008A1BF8 /* Build configuration list for PBXProject "BetTracker" */ = {
			isa = XCConfigurationList;
			buildConfigurations = (
				AC88A0D52DFD1630008A1BF8 /* Debug */,
				AC88A0D62DFD1630008A1BF8 /* Release */,
			);
			defaultConfigurationIsVisible = 0;
			defaultConfigurationName = Release;
		};
		AC88A0D72DFD1630008A1BF8 /* Build configuration list for PBXNativeTarget "BetTracker" */ = {
			isa = XCConfigurationList;
			buildConfigurations = (
				AC88A0D82DFD1630008A1BF8 /* Debug */,
				AC88A0D92DFD1630008A1BF8 /* Release */,
			);
			defaultConfigurationIsVisible = 0;
			defaultConfigurationName = Release;
		};
		AC88A0DA2DFD1630008A1BF8 /* Build configuration list for PBXNativeTarget "BetTrackerTests" */ = {
			isa = XCConfigurationList;
			buildConfigurations = (
				AC88A0DB2DFD1630008A1BF8 /* Debug */,
				AC88A0DC2DFD1630008A1BF8 /* Release */,
			);
			defaultConfigurationIsVisible = 0;
			defaultConfigurationName = Release;
		};
		AC88A0DD2DFD1630008A1BF8 /* Build configuration list for PBXNativeTarget "BetTrackerUITests" */ = {
			isa = XCConfigurationList;
			buildConfigurations = (
				AC88A0DE2DFD1630008A1BF8 /* Debug */,
				AC88A0DF2DFD1630008A1BF8 /* Release */,
			);
			defaultConfigurationIsVisible = 0;
			defaultConfigurationName = Release;
		};
/* End XCConfigurationList section */
	};
	rootObject = AC88A0AD2DFD162E008A1BF8 /* Project object */;
}
